<?xml version="1.0" encoding="utf-8"?>
<Project ToolsVersion="4.0" xmlns="http://schemas.microsoft.com/developer/msbuild/2003">
  <ItemGroup>
    <Filter Include="Source Files">
      <UniqueIdentifier>{4FC737F1-C7A5-4376-A066-2A32D752A2FF}</UniqueIdentifier>
      <Extensions>cpp;c;cc;cxx;c++;cppm;ixx;def;odl;idl;hpj;bat;asm;asmx</Extensions>
    </Filter>
    <Filter Include="Header Files">
      <UniqueIdentifier>{93995380-89BD-4b04-88EB-625FBE52EBFB}</UniqueIdentifier>
      <Extensions>h;hh;hpp;hxx;h++;hm;inl;inc;ipp;xsd</Extensions>
    </Filter>
    <Filter Include="Resource Files">
      <UniqueIdentifier>{67DA6AB6-F800-4c08-8B7A-83BB121AAD01}</UniqueIdentifier>
      <Extensions>rc;ico;cur;bmp;dlg;rc2;rct;bin;rgs;gif;jpg;jpeg;jpe;resx;tiff;tif;png;wav;mfcribbon-ms</Extensions>
    </Filter>
    <Filter Include="Source Files\XInput">
      <UniqueIdentifier>{a11fe7f3-f022-4664-a01d-dede553f2445}</UniqueIdentifier>
    </Filter>
    <Filter Include="Source Files\DInput8">
      <UniqueIdentifier>{615164a0-44ea-4bd4-b2fc-ef53c8e3393d}</UniqueIdentifier>
    </Filter>
    <Filter Include="Source Files\DInput">
      <UniqueIdentifier>{acee3851-825a-4f9d-8a21-deaa9d99174b}</UniqueIdentifier>
    </Filter>
    <Filter Include="Source Files\WinMM">
      <UniqueIdentifier>{1842b20a-5da0-484b-88f8-c3a258ecaaa1}</UniqueIdentifier>
    </Filter>
    <Filter Include="Header Files\DInput8">
      <UniqueIdentifier>{7aa5482d-93dd-448a-b700-23062e7bcc8c}</UniqueIdentifier>
    </Filter>
    <Filter Include="Header Files\DInput">
      <UniqueIdentifier>{0cb8dcc0-397d-4167-a50d-74cf3b34ae8b}</UniqueIdentifier>
    </Filter>
    <Filter Include="Header Files\XInput">
      <UniqueIdentifier>{0aa54db2-b008-4994-b3b0-560e73307cd1}</UniqueIdentifier>
    </Filter>
    <Filter Include="Header Files\WinMM">
      <UniqueIdentifier>{27f17948-173c-456c-a8d8-8c2b703b96f8}</UniqueIdentifier>
    </Filter>
  </ItemGroup>
  <ItemGroup>
    <ClInclude Include="..\src\resource.h">
      <Filter>Header Files</Filter>
    </ClInclude>
    <ClInclude Include="..\src\version.h">
      <Filter>Header Files</Filter>
    </ClInclude>
    <ClInclude Include="..\src\dllmain.h">
      <Filter>Header Files</Filter>
    </ClInclude>
    <ClInclude Include="..\src\util.h">
      <Filter>Header Files</Filter>
    </ClInclude>
    <ClInclude Include="..\src\detour.h">
      <Filter>Header Files</Filter>
    </ClInclude>
    <ClInclude Include="..\src\DInput\dinput.h">
      <Filter>Header Files\DInput</Filter>
    </ClInclude>
    <ClInclude Include="..\src\DInput8\dinput8.h">
      <Filter>Header Files\DInput8</Filter>
    </ClInclude>
    <ClInclude Include="..\src\WinMM\winmm.h">
      <Filter>Header Files\WinMM</Filter>
    </ClInclude>
    <ClInclude Include="..\src\XInput\xinput.h">
      <Filter>Header Files\XInput</Filter>
    </ClInclude>
  </ItemGroup>
  <ItemGroup>
    <ResourceCompile Include="..\src\InputFusion.rc">
      <Filter>Resource Files</Filter>
    </ResourceCompile>
  </ItemGroup>
  <ItemGroup>
    <ClCompile Include="..\src\dllmain.cpp">
      <Filter>Source Files</Filter>
    </ClCompile>
    <ClCompile Include="..\src\util.cpp">
      <Filter>Source Files</Filter>
    </ClCompile>
    <ClCompile Include="..\src\detour.cpp">
      <Filter>Source Files</Filter>
    </ClCompile>
    <ClCompile Include="..\src\DInput\dinput.cpp">
      <Filter>Source Files\DInput</Filter>
    </ClCompile>
    <ClCompile Include="..\src\DInput8\dinput8.cpp">
      <Filter>Source Files\DInput8</Filter>
    </ClCompile>
    <ClCompile Include="..\src\DInput\IDirectInput2A.cpp">
      <Filter>Source Files\DInput</Filter>
    </ClCompile>
    <ClCompile Include="..\src\DInput\IDirectInput2W.cpp">
      <Filter>Source Files\DInput</Filter>
    </ClCompile>
    <ClCompile Include="..\src\DInput\IDirectInput7A.cpp">
      <Filter>Source Files\DInput</Filter>
    </ClCompile>
    <ClCompile Include="..\src\DInput\IDirectInput7W.cpp">
      <Filter>Source Files\DInput</Filter>
    </ClCompile>
    <ClCompile Include="..\src\DInput8\IDirectInput8A.cpp">
      <Filter>Source Files\DInput8</Filter>
    </ClCompile>
    <ClCompile Include="..\src\DInput8\IDirectInput8W.cpp">
      <Filter>Source Files\DInput8</Filter>
    </ClCompile>
    <ClCompile Include="..\src\DInput\IDirectInputDevice2A.cpp">
      <Filter>Source Files\DInput</Filter>
    </ClCompile>
    <ClCompile Include="..\src\DInput\IDirectInputDevice2W.cpp">
      <Filter>Source Files\DInput</Filter>
    </ClCompile>
    <ClCompile Include="..\src\DInput\IDirectInputDevice7A.cpp">
      <Filter>Source Files\DInput</Filter>
    </ClCompile>
    <ClCompile Include="..\src\DInput\IDirectInputDevice7W.cpp">
      <Filter>Source Files\DInput</Filter>
    </ClCompile>
    <ClCompile Include="..\src\DInput\IDirectInputA.cpp">
      <Filter>Source Files\DInput</Filter>
    </ClCompile>
    <ClCompile Include="..\src\DInput8\IDirectInputDevice8A.cpp">
      <Filter>Source Files\DInput8</Filter>
    </ClCompile>
    <ClCompile Include="..\src\DInput8\IDirectInputDevice8W.cpp">
      <Filter>Source Files\DInput8</Filter>
    </ClCompile>
    <ClCompile Include="..\src\DInput8\IDirectInputJoyConfig8.cpp">
      <Filter>Source Files\DInput8</Filter>
    </ClCompile>
    <ClCompile Include="..\src\DInput\IDirectInputDeviceA.cpp">
      <Filter>Source Files\DInput</Filter>
    </ClCompile>
    <ClCompile Include="..\src\DInput\IDirectInputDeviceW.cpp">
      <Filter>Source Files\DInput</Filter>
    </ClCompile>
    <ClCompile Include="..\src\DInput\IDirectInputJoyConfig.cpp">
      <Filter>Source Files\DInput</Filter>
    </ClCompile>
    <ClCompile Include="..\src\DInput\IDirectInputW.cpp">
      <Filter>Source Files\DInput</Filter>
    </ClCompile>
    <ClCompile Include="..\src\WinMM\winmm.cpp">
      <Filter>Source Files\WinMM</Filter>
    </ClCompile>
    <ClCompile Include="..\src\XInput\xinput.cpp">
      <Filter>Source Files\XInput</Filter>
    </ClCompile>
  </ItemGroup>
</Project>